
Microsoft Visual Studio Solution File, Format Version 12.00
# Visual Studio Version 16
VisualStudioVersion = 16.0.29728.190
MinimumVisualStudioVersion = 10.0.40219.1
Project("{2150E333-8FDC-42A3-9474-1A3956D46DE8}") = "ProductsContext", "ProductsContext", "{25DEFE73-5C59-4CE0-8B91-7568839C464F}"
EndProject
Project("{2150E333-8FDC-42A3-9474-1A3956D46DE8}") = "BasicContext", "BasicContext", "{167E866A-5E3D-409D-A180-24DE4902E279}"
EndProject
Project("{9A19103F-16F7-4668-BE54-9A1E7A4F7556}") = "Crtz.Core", "Crtz.Core\Crtz.Core.csproj", "{CBD4CEB3-BEC0-4226-93DE-3FF70CF97E89}"
EndProject
Project("{9A19103F-16F7-4668-BE54-9A1E7A4F7556}") = "Crtz.Cmd", "Crtz.Cmd\Crtz.Cmd.csproj", "{34495C66-C8FD-42D3-BAFD-0314EB65B65A}"
EndProject
Project("{9A19103F-16F7-4668-BE54-9A1E7A4F7556}") = "Crtz.ProductsContext.Core", "Crtz.ProductsContext.Core\Crtz.ProductsContext.Core.csproj", "{58E74DD0-2DC9-4B4C-92F7-E933F1BC802C}"
EndProject
Project("{9A19103F-16F7-4668-BE54-9A1E7A4F7556}") = "Crtz.ProductsContext.Infra", "Crtz.ProductsContext.Infra\Crtz.ProductsContext.Infra.csproj", "{321CA0CC-059B-41EF-AC88-8082862FC3C6}"
EndProject
Project("{9A19103F-16F7-4668-BE54-9A1E7A4F7556}") = "Crtz.ProductsContext.App", "Crtz.ProductsContext.App\Crtz.ProductsContext.App.csproj", "{59E745A6-DDD5-4093-8610-1EAE8A2B0A50}"
EndProject
Project("{9A19103F-16F7-4668-BE54-9A1E7A4F7556}") = "Crtz.BasicContext.Core", "Crtz.BasicContext.Core\Crtz.BasicContext.Core.csproj", "{698E36F8-A04E-45D7-897E-85F174E1E288}"
EndProject
Project("{9A19103F-16F7-4668-BE54-9A1E7A4F7556}") = "Crtz.BasicContext.Infra", "Crtz.BasicContext.Infra\Crtz.BasicContext.Infra.csproj", "{1369F1CA-D588-4272-910D-C030E7EAD636}"
EndProject
Project("{9A19103F-16F7-4668-BE54-9A1E7A4F7556}") = "Crtz.BasicContext.App", "Crtz.BasicContext.App\Crtz.BasicContext.App.csproj", "{DBA70CCC-040A-4E02-A663-B1F238C237C9}"
EndProject
Project("{2150E333-8FDC-42A3-9474-1A3956D46DE8}") = "_Common", "_Common", "{FD86923E-3BA2-4853-8845-3637C9D0B77C}"
EndProject
Project("{9A19103F-16F7-4668-BE54-9A1E7A4F7556}") = "Crtz.Common", "Crtz.Common\Crtz.Common.csproj", "{B1A6C8DB-16CC-4F0C-8AA4-3D452CD95196}"
EndProject
Project("{2150E333-8FDC-42A3-9474-1A3956D46DE8}") = "_Clients", "_Clients", "{38B0647E-A513-4353-9B33-5D8601510BF3}"
EndProject
Project("{FAE04EC0-301F-11D3-BF4B-00C04F79EFBC}") = "Crtz.Client.WPF", "Crtz.Client.WPF\Crtz.Client.WPF.csproj", "{57F7DA05-A73F-4AC0-913B-3FDC1903F8BC}"
EndProject
Project("{2150E333-8FDC-42A3-9474-1A3956D46DE8}") = "_Trigger", "_Trigger", "{B2707A72-5D6F-471F-A8DB-2A8D7A6B2E27}"
EndProject
Project("{FAE04EC0-301F-11D3-BF4B-00C04F79EFBC}") = "Crtz.TriggerConsole.Sender", "Crtz.TriggerConsole\Crtz.TriggerConsole.Sender.csproj", "{C057B60D-367E-4A86-91C3-C54956EAC264}"
EndProject
Project("{FAE04EC0-301F-11D3-BF4B-00C04F79EFBC}") = "Crtz.Messages", "Crtz.Messages\Crtz.Messages.csproj", "{C0C85A96-36B2-4426-84E6-1A39621F3872}"
EndProject
Project("{FAE04EC0-301F-11D3-BF4B-00C04F79EFBC}") = "Crtz.TriggerConsole.Receiver", "Crtz.TriggerConsole.Receiver\Crtz.TriggerConsole.Receiver.csproj", "{39121B46-96B0-414F-B585-28FCAD474601}"
EndProject
Project("{2150E333-8FDC-42A3-9474-1A3956D46DE8}") = "0. Infra", "0. Infra", "{E91A3707-1404-47FF-896F-B36B9BC4F7F5}"
EndProject
Project("{2150E333-8FDC-42A3-9474-1A3956D46DE8}") = "1. App", "1. App", "{91FBB043-B3C3-41B0-94D2-26B4D8824D7A}"
EndProject
Project("{2150E333-8FDC-42A3-9474-1A3956D46DE8}") = "2. Core", "2. Core", "{7679E4D6-F4D2-4BAF-9EE9-EFC12FD537A5}"
EndProject
Project("{2150E333-8FDC-42A3-9474-1A3956D46DE8}") = "0. Infra", "0. Infra", "{2B0CC0ED-AFAC-42C6-ADD3-3C68CDAD7948}"
EndProject
Project("{2150E333-8FDC-42A3-9474-1A3956D46DE8}") = "1. App", "1. App", "{14B6867C-9EDD-46B7-8DB1-C790D87295AC}"
EndProject
Project("{2150E333-8FDC-42A3-9474-1A3956D46DE8}") = "2. Core", "2. Core", "{D9CD4E43-D2E7-440E-961E-8148380EF7D0}"
EndProject
Project("{FAE04EC0-301F-11D3-BF4B-00C04F79EFBC}") = "Crtz.ProductsContext.App.Cmd.EPoint", "Crtz.ProductsContext.Infra.Cmd.Endpoint\Crtz.ProductsContext.App.Cmd.EPoint.csproj", "{F3A47E5C-F4A5-49BE-9528-CFF9C7B9ABBE}"
EndProject
Project("{FAE04EC0-301F-11D3-BF4B-00C04F79EFBC}") = "Crtz.ProductsContext.Infra.Storage", "Crtz.ProductsContext.Infra.Storage\Crtz.ProductsContext.Infra.Storage.csproj", "{5622010A-8B1A-4D88-9AE0-6B0904B79F92}"
EndProject
Global
	GlobalSection(SolutionConfigurationPlatforms) = preSolution
		Debug|Any CPU = Debug|Any CPU
		Release|Any CPU = Release|Any CPU
	EndGlobalSection
	GlobalSection(ProjectConfigurationPlatforms) = postSolution
		{CBD4CEB3-BEC0-4226-93DE-3FF70CF97E89}.Debug|Any CPU.ActiveCfg = Debug|Any CPU
		{CBD4CEB3-BEC0-4226-93DE-3FF70CF97E89}.Debug|Any CPU.Build.0 = Debug|Any CPU
		{CBD4CEB3-BEC0-4226-93DE-3FF70CF97E89}.Release|Any CPU.ActiveCfg = Release|Any CPU
		{CBD4CEB3-BEC0-4226-93DE-3FF70CF97E89}.Release|Any CPU.Build.0 = Release|Any CPU
		{34495C66-C8FD-42D3-BAFD-0314EB65B65A}.Debug|Any CPU.ActiveCfg = Debug|Any CPU
		{34495C66-C8FD-42D3-BAFD-0314EB65B65A}.Debug|Any CPU.Build.0 = Debug|Any CPU
		{34495C66-C8FD-42D3-BAFD-0314EB65B65A}.Release|Any CPU.ActiveCfg = Release|Any CPU
		{34495C66-C8FD-42D3-BAFD-0314EB65B65A}.Release|Any CPU.Build.0 = Release|Any CPU
		{58E74DD0-2DC9-4B4C-92F7-E933F1BC802C}.Debug|Any CPU.ActiveCfg = Debug|Any CPU
		{58E74DD0-2DC9-4B4C-92F7-E933F1BC802C}.Debug|Any CPU.Build.0 = Debug|Any CPU
		{58E74DD0-2DC9-4B4C-92F7-E933F1BC802C}.Release|Any CPU.ActiveCfg = Release|Any CPU
		{58E74DD0-2DC9-4B4C-92F7-E933F1BC802C}.Release|Any CPU.Build.0 = Release|Any CPU
		{321CA0CC-059B-41EF-AC88-8082862FC3C6}.Debug|Any CPU.ActiveCfg = Debug|Any CPU
		{321CA0CC-059B-41EF-AC88-8082862FC3C6}.Debug|Any CPU.Build.0 = Debug|Any CPU
		{321CA0CC-059B-41EF-AC88-8082862FC3C6}.Release|Any CPU.ActiveCfg = Release|Any CPU
		{321CA0CC-059B-41EF-AC88-8082862FC3C6}.Release|Any CPU.Build.0 = Release|Any CPU
		{59E745A6-DDD5-4093-8610-1EAE8A2B0A50}.Debug|Any CPU.ActiveCfg = Debug|Any CPU
		{59E745A6-DDD5-4093-8610-1EAE8A2B0A50}.Debug|Any CPU.Build.0 = Debug|Any CPU
		{59E745A6-DDD5-4093-8610-1EAE8A2B0A50}.Release|Any CPU.ActiveCfg = Release|Any CPU
		{59E745A6-DDD5-4093-8610-1EAE8A2B0A50}.Release|Any CPU.Build.0 = Release|Any CPU
		{698E36F8-A04E-45D7-897E-85F174E1E288}.Debug|Any CPU.ActiveCfg = Debug|Any CPU
		{698E36F8-A04E-45D7-897E-85F174E1E288}.Debug|Any CPU.Build.0 = Debug|Any CPU
		{698E36F8-A04E-45D7-897E-85F174E1E288}.Release|Any CPU.ActiveCfg = Release|Any CPU
		{698E36F8-A04E-45D7-897E-85F174E1E288}.Release|Any CPU.Build.0 = Release|Any CPU
		{1369F1CA-D588-4272-910D-C030E7EAD636}.Debug|Any CPU.ActiveCfg = Debug|Any CPU
		{1369F1CA-D588-4272-910D-C030E7EAD636}.Debug|Any CPU.Build.0 = Debug|Any CPU
		{1369F1CA-D588-4272-910D-C030E7EAD636}.Release|Any CPU.ActiveCfg = Release|Any CPU
		{1369F1CA-D588-4272-910D-C030E7EAD636}.Release|Any CPU.Build.0 = Release|Any CPU
		{DBA70CCC-040A-4E02-A663-B1F238C237C9}.Debug|Any CPU.ActiveCfg = Debug|Any CPU
		{DBA70CCC-040A-4E02-A663-B1F238C237C9}.Debug|Any CPU.Build.0 = Debug|Any CPU
		{DBA70CCC-040A-4E02-A663-B1F238C237C9}.Release|Any CPU.ActiveCfg = Release|Any CPU
		{DBA70CCC-040A-4E02-A663-B1F238C237C9}.Release|Any CPU.Build.0 = Release|Any CPU
		{B1A6C8DB-16CC-4F0C-8AA4-3D452CD95196}.Debug|Any CPU.ActiveCfg = Debug|Any CPU
		{B1A6C8DB-16CC-4F0C-8AA4-3D452CD95196}.Debug|Any CPU.Build.0 = Debug|Any CPU
		{B1A6C8DB-16CC-4F0C-8AA4-3D452CD95196}.Release|Any CPU.ActiveCfg = Release|Any CPU
		{B1A6C8DB-16CC-4F0C-8AA4-3D452CD95196}.Release|Any CPU.Build.0 = Release|Any CPU
		{57F7DA05-A73F-4AC0-913B-3FDC1903F8BC}.Debug|Any CPU.ActiveCfg = Debug|Any CPU
		{57F7DA05-A73F-4AC0-913B-3FDC1903F8BC}.Debug|Any CPU.Build.0 = Debug|Any CPU
		{57F7DA05-A73F-4AC0-913B-3FDC1903F8BC}.Release|Any CPU.ActiveCfg = Release|Any CPU
		{57F7DA05-A73F-4AC0-913B-3FDC1903F8BC}.Release|Any CPU.Build.0 = Release|Any CPU
		{C057B60D-367E-4A86-91C3-C54956EAC264}.Debug|Any CPU.ActiveCfg = Debug|Any CPU
		{C057B60D-367E-4A86-91C3-C54956EAC264}.Debug|Any CPU.Build.0 = Debug|Any CPU
		{C057B60D-367E-4A86-91C3-C54956EAC264}.Release|Any CPU.ActiveCfg = Release|Any CPU
		{C057B60D-367E-4A86-91C3-C54956EAC264}.Release|Any CPU.Build.0 = Release|Any CPU
		{C0C85A96-36B2-4426-84E6-1A39621F3872}.Debug|Any CPU.ActiveCfg = Debug|Any CPU
		{C0C85A96-36B2-4426-84E6-1A39621F3872}.Debug|Any CPU.Build.0 = Debug|Any CPU
		{C0C85A96-36B2-4426-84E6-1A39621F3872}.Release|Any CPU.ActiveCfg = Release|Any CPU
		{C0C85A96-36B2-4426-84E6-1A39621F3872}.Release|Any CPU.Build.0 = Release|Any CPU
		{39121B46-96B0-414F-B585-28FCAD474601}.Debug|Any CPU.ActiveCfg = Debug|Any CPU
		{39121B46-96B0-414F-B585-28FCAD474601}.Debug|Any CPU.Build.0 = Debug|Any CPU
		{39121B46-96B0-414F-B585-28FCAD474601}.Release|Any CPU.ActiveCfg = Release|Any CPU
		{39121B46-96B0-414F-B585-28FCAD474601}.Release|Any CPU.Build.0 = Release|Any CPU
		{F3A47E5C-F4A5-49BE-9528-CFF9C7B9ABBE}.Debug|Any CPU.ActiveCfg = Debug|Any CPU
		{F3A47E5C-F4A5-49BE-9528-CFF9C7B9ABBE}.Debug|Any CPU.Build.0 = Debug|Any CPU
		{F3A47E5C-F4A5-49BE-9528-CFF9C7B9ABBE}.Release|Any CPU.ActiveCfg = Release|Any CPU
		{F3A47E5C-F4A5-49BE-9528-CFF9C7B9ABBE}.Release|Any CPU.Build.0 = Release|Any CPU
		{5622010A-8B1A-4D88-9AE0-6B0904B79F92}.Debug|Any CPU.ActiveCfg = Debug|Any CPU
		{5622010A-8B1A-4D88-9AE0-6B0904B79F92}.Debug|Any CPU.Build.0 = Debug|Any CPU
		{5622010A-8B1A-4D88-9AE0-6B0904B79F92}.Release|Any CPU.ActiveCfg = Release|Any CPU
		{5622010A-8B1A-4D88-9AE0-6B0904B79F92}.Release|Any CPU.Build.0 = Release|Any CPU
	EndGlobalSection
	GlobalSection(SolutionProperties) = preSolution
		HideSolutionNode = FALSE
	EndGlobalSection
	GlobalSection(NestedProjects) = preSolution
		{58E74DD0-2DC9-4B4C-92F7-E933F1BC802C} = {7679E4D6-F4D2-4BAF-9EE9-EFC12FD537A5}
		{321CA0CC-059B-41EF-AC88-8082862FC3C6} = {E91A3707-1404-47FF-896F-B36B9BC4F7F5}
		{59E745A6-DDD5-4093-8610-1EAE8A2B0A50} = {91FBB043-B3C3-41B0-94D2-26B4D8824D7A}
		{698E36F8-A04E-45D7-897E-85F174E1E288} = {D9CD4E43-D2E7-440E-961E-8148380EF7D0}
		{1369F1CA-D588-4272-910D-C030E7EAD636} = {2B0CC0ED-AFAC-42C6-ADD3-3C68CDAD7948}
		{DBA70CCC-040A-4E02-A663-B1F238C237C9} = {14B6867C-9EDD-46B7-8DB1-C790D87295AC}
		{B1A6C8DB-16CC-4F0C-8AA4-3D452CD95196} = {FD86923E-3BA2-4853-8845-3637C9D0B77C}
		{57F7DA05-A73F-4AC0-913B-3FDC1903F8BC} = {38B0647E-A513-4353-9B33-5D8601510BF3}
		{C057B60D-367E-4A86-91C3-C54956EAC264} = {B2707A72-5D6F-471F-A8DB-2A8D7A6B2E27}
		{C0C85A96-36B2-4426-84E6-1A39621F3872} = {FD86923E-3BA2-4853-8845-3637C9D0B77C}
		{39121B46-96B0-414F-B585-28FCAD474601} = {B2707A72-5D6F-471F-A8DB-2A8D7A6B2E27}
		{E91A3707-1404-47FF-896F-B36B9BC4F7F5} = {25DEFE73-5C59-4CE0-8B91-7568839C464F}
		{91FBB043-B3C3-41B0-94D2-26B4D8824D7A} = {25DEFE73-5C59-4CE0-8B91-7568839C464F}
		{7679E4D6-F4D2-4BAF-9EE9-EFC12FD537A5} = {25DEFE73-5C59-4CE0-8B91-7568839C464F}
		{2B0CC0ED-AFAC-42C6-ADD3-3C68CDAD7948} = {167E866A-5E3D-409D-A180-24DE4902E279}
		{14B6867C-9EDD-46B7-8DB1-C790D87295AC} = {167E866A-5E3D-409D-A180-24DE4902E279}
		{D9CD4E43-D2E7-440E-961E-8148380EF7D0} = {167E866A-5E3D-409D-A180-24DE4902E279}
		{F3A47E5C-F4A5-49BE-9528-CFF9C7B9ABBE} = {91FBB043-B3C3-41B0-94D2-26B4D8824D7A}
		{5622010A-8B1A-4D88-9AE0-6B0904B79F92} = {E91A3707-1404-47FF-896F-B36B9BC4F7F5}
	EndGlobalSection
	GlobalSection(ExtensibilityGlobals) = postSolution
		SolutionGuid = {F16C9487-5EE4-4BAC-AD60-2369F1AD702E}
	EndGlobalSection
EndGlobal
